
Microsoft Visual Studio Solution File, Format Version 12.00
# Visual Studio Version 17
VisualStudioVersion = 17.11.35312.102
MinimumVisualStudioVersion = 10.0.40219.1
Project("{9092AA53-FB77-4645-B42D-1CCCA6BD08BD}") = "RenewableEnergyNexus", "RenewableEnergyNexus\RenewableEnergyNexus.njsproj", "{B877D9A2-9281-4657-BDC5-59698C2FD70F}"
EndProject
Global
	GlobalSection(SolutionConfigurationPlatforms) = preSolution
		Debug|Any CPU = Debug|Any CPU
		Release|Any CPU = Release|Any CPU
	EndGlobalSection
	GlobalSection(ProjectConfigurationPlatforms) = postSolution
		{B877D9A2-9281-4657-BDC5-59698C2FD70F}.Debug|Any CPU.ActiveCfg = Debug|Any CPU
		{B877D9A2-9281-4657-BDC5-59698C2FD70F}.Debug|Any CPU.Build.0 = Debug|Any CPU
		{B877D9A2-9281-4657-BDC5-59698C2FD70F}.Release|Any CPU.ActiveCfg = Release|Any CPU
		{B877D9A2-9281-4657-BDC5-59698C2FD70F}.Release|Any CPU.Build.0 = Release|Any CPU
	EndGlobalSection
	GlobalSection(SolutionProperties) = preSolution
		HideSolutionNode = FALSE
	EndGlobalSection
	GlobalSection(ExtensibilityGlobals) = postSolution
		SolutionGuid = {5BAD15A4-A883-496D-9185-5A475B28FE2D}
	EndGlobalSection
EndGlobal
